// !$*UTF8*$!
{
	archiveVersion = 1;
	classes = {
	};
	objectVersion = 56;
	objects = {

/* Begin PBXBuildFile section */
		2BE69CC22C8FED9B004996C7 /* ContentView_swiftApp.swift in Sources */ = {isa = PBXBuildFile; fileRef = 2BE69CC12C8FED9B004996C7 /* ContentView_swiftApp.swift */; };
		2BE69CC42C8FED9B004996C7 /* ContentView.swift in Sources */ = {isa = PBXBuildFile; fileRef = 2BE69CC32C8FED9B004996C7 /* ContentView.swift */; };
		2BE69CC62C8FED9C004996C7 /* Assets.xcassets in Resources */ = {isa = PBXBuildFile; fileRef = 2BE69CC52C8FED9C004996C7 /* Assets.xcassets */; };
		2BE69CCA2C8FED9C004996C7 /* Preview Assets.xcassets in Resources */ = {isa = PBXBuildFile; fileRef = 2BE69CC92C8FED9C004996C7 /* Preview Assets.xcassets */; };
		2BE69CD42C8FED9C004996C7 /* ContentView_swiftTests.swift in Sources */ = {isa = PBXBuildFile; fileRef = 2BE69CD32C8FED9C004996C7 /* ContentView_swiftTests.swift */; };
		2BE69CDE2C8FED9C004996C7 /* ContentView_swiftUITests.swift in Sources */ = {isa = PBXBuildFile; fileRef = 2BE69CDD2C8FED9C004996C7 /* ContentView_swiftUITests.swift */; };
		2BE69CE02C8FED9C004996C7 /* ContentView_swiftUITestsLaunchTests.swift in Sources */ = {isa = PBXBuildFile; fileRef = 2BE69CDF2C8FED9C004996C7 /* ContentView_swiftUITestsLaunchTests.swift */; };
		2BE69CED2C8FEE5F004996C7 /* MetalView.swift in Sources */ = {isa = PBXBuildFile; fileRef = 2BE69CEC2C8FEE5F004996C7 /* MetalView.swift */; };
/* End PBXBuildFile section */

/* Begin PBXContainerItemProxy section */
		2BE69CD02C8FED9C004996C7 /* PBXContainerItemProxy */ = {
			isa = PBXContainerItemProxy;
			containerPortal = 2BE69CB62C8FED9B004996C7 /* Project object */;
			proxyType = 1;
			remoteGlobalIDString = 2BE69CBD2C8FED9B004996C7;
			remoteInfo = ContentView.swift;
		};
		2BE69CDA2C8FED9C004996C7 /* PBXContainerItemProxy */ = {
			isa = PBXContainerItemProxy;
			containerPortal = 2BE69CB62C8FED9B004996C7 /* Project object */;
			proxyType = 1;
			remoteGlobalIDString = 2BE69CBD2C8FED9B004996C7;
			remoteInfo = ContentView.swift;
		};
/* End PBXContainerItemProxy section */

/* Begin PBXFileReference section */
		2BE69CBE2C8FED9B004996C7 /* ContentView.swift.app */ = {isa = PBXFileReference; explicitFileType = wrapper.application; includeInIndex = 0; path = ContentView.swift.app; sourceTree = BUILT_PRODUCTS_DIR; };
		2BE69CC12C8FED9B004996C7 /* ContentView_swiftApp.swift */ = {isa = PBXFileReference; lastKnownFileType = sourcecode.swift; path = ContentView_swiftApp.swift; sourceTree = "<group>"; };
		2BE69CC32C8FED9B004996C7 /* ContentView.swift */ = {isa = PBXFileReference; lastKnownFileType = sourcecode.swift; path = ContentView.swift; sourceTree = "<group>"; };
		2BE69CC52C8FED9C004996C7 /* Assets.xcassets */ = {isa = PBXFileReference; lastKnownFileType = folder.assetcatalog; path = Assets.xcassets; sourceTree = "<group>"; };
		2BE69CC72C8FED9C004996C7 /* ContentView_swift.entitlements */ = {isa = PBXFileReference; lastKnownFileType = text.plist.entitlements; path = ContentView_swift.entitlements; sourceTree = "<group>"; };
		2BE69CC92C8FED9C004996C7 /* Preview Assets.xcassets */ = {isa = PBXFileReference; lastKnownFileType = folder.assetcatalog; path = "Preview Assets.xcassets"; sourceTree = "<group>"; };
		2BE69CCF2C8FED9C004996C7 /* ContentView.swiftTests.xctest */ = {isa = PBXFileReference; explicitFileType = wrapper.cfbundle; includeInIndex = 0; path = ContentView.swiftTests.xctest; sourceTree = BUILT_PRODUCTS_DIR; };
		2BE69CD32C8FED9C004996C7 /* ContentView_swiftTests.swift */ = {isa = PBXFileReference; lastKnownFileType = sourcecode.swift; path = ContentView_swiftTests.swift; sourceTree = "<group>"; };
		2BE69CD92C8FED9C004996C7 /* ContentView.swiftUITests.xctest */ = {isa = PBXFileReference; explicitFileType = wrapper.cfbundle; includeInIndex = 0; path = ContentView.swiftUITests.xctest; sourceTree = BUILT_PRODUCTS_DIR; };
		2BE69CDD2C8FED9C004996C7 /* ContentView_swiftUITests.swift */ = {isa = PBXFileReference; lastKnownFileType = sourcecode.swift; path = ContentView_swiftUITests.swift; sourceTree = "<group>"; };
		2BE69CDF2C8FED9C004996C7 /* ContentView_swiftUITestsLaunchTests.swift */ = {isa = PBXFileReference; lastKnownFileType = sourcecode.swift; path = ContentView_swiftUITestsLaunchTests.swift; sourceTree = "<group>"; };
		2BE69CEC2C8FEE5F004996C7 /* MetalView.swift */ = {isa = PBXFileReference; fileEncoding = 4; lastKnownFileType = sourcecode.swift; path = MetalView.swift; sourceTree = "<group>"; };
/* End PBXFileReference section */

/* Begin PBXFrameworksBuildPhase section */
		2BE69CBB2C8FED9B004996C7 /* Frameworks */ = {
			isa = PBXFrameworksBuildPhase;
			buildActionMask = 2147483647;
			files = (
			);
			runOnlyForDeploymentPostprocessing = 0;
		};
		2BE69CCC2C8FED9C004996C7 /* Frameworks */ = {
			isa = PBXFrameworksBuildPhase;
			buildActionMask = 2147483647;
			files = (
			);
			runOnlyForDeploymentPostprocessing = 0;
		};
		2BE69CD62C8FED9C004996C7 /* Frameworks */ = {
			isa = PBXFrameworksBuildPhase;
			buildActionMask = 2147483647;
			files = (
			);
			runOnlyForDeploymentPostprocessing = 0;
		};
/* End PBXFrameworksBuildPhase section */

/* Begin PBXGroup section */
		2BE69CB52C8FED9B004996C7 = {
			isa = PBXGroup;
			children = (
				2BE69CC02C8FED9B004996C7 /* ContentView.swift */,
				2BE69CD22C8FED9C004996C7 /* ContentView.swiftTests */,
				2BE69CDC2C8FED9C004996C7 /* ContentView.swiftUITests */,
				2BE69CBF2C8FED9B004996C7 /* Products */,
			);
			sourceTree = "<group>";
		};
		2BE69CBF2C8FED9B004996C7 /* Products */ = {
			isa = PBXGroup;
			children = (
				2BE69CBE2C8FED9B004996C7 /* ContentView.swift.app */,
				2BE69CCF2C8FED9C004996C7 /* ContentView.swiftTests.xctest */,
				2BE69CD92C8FED9C004996C7 /* ContentView.swiftUITests.xctest */,
			);
			name = Products;
			sourceTree = "<group>";
		};
		2BE69CC02C8FED9B004996C7 /* ContentView.swift */ = {
			isa = PBXGroup;
			children = (
				2BE69CEC2C8FEE5F004996C7 /* MetalView.swift */,
				2BE69CC12C8FED9B004996C7 /* ContentView_swiftApp.swift */,
				2BE69CC32C8FED9B004996C7 /* ContentView.swift */,
				2BE69CC52C8FED9C004996C7 /* Assets.xcassets */,
				2BE69CC72C8FED9C004996C7 /* ContentView_swift.entitlements */,
				2BE69CC82C8FED9C004996C7 /* Preview Content */,
			);
			path = ContentView.swift;
			sourceTree = "<group>";
		};
		2BE69CC82C8FED9C004996C7 /* Preview Content */ = {
			isa = PBXGroup;
			children = (
				2BE69CC92C8FED9C004996C7 /* Preview Assets.xcassets */,
			);
			path = "Preview Content";
			sourceTree = "<group>";
		};
		2BE69CD22C8FED9C004996C7 /* ContentView.swiftTests */ = {
			isa = PBXGroup;
			children = (
				2BE69CD32C8FED9C004996C7 /* ContentView_swiftTests.swift */,
			);
			path = ContentView.swiftTests;
			sourceTree = "<group>";
		};
		2BE69CDC2C8FED9C004996C7 /* ContentView.swiftUITests */ = {
			isa = PBXGroup;
			children = (
				2BE69CDD2C8FED9C004996C7 /* ContentView_swiftUITests.swift */,
				2BE69CDF2C8FED9C004996C7 /* ContentView_swiftUITestsLaunchTests.swift */,
			);
			path = ContentView.swiftUITests;
			sourceTree = "<group>";
		};
/* End PBXGroup section */

/* Begin PBXNativeTarget section */
		2BE69CBD2C8FED9B004996C7 /* ContentView.swift */ = {
			isa = PBXNativeTarget;
			buildConfigurationList = 2BE69CE32C8FED9C004996C7 /* Build configuration list for PBXNativeTarget "ContentView.swift" */;
			buildPhases = (
				2BE69CBA2C8FED9B004996C7 /* Sources */,
				2BE69CBB2C8FED9B004996C7 /* Frameworks */,
				2BE69CBC2C8FED9B004996C7 /* Resources */,
			);
			buildRules = (
			);
			dependencies = (
			);
			name = ContentView.swift;
			productName = ContentView.swift;
			productReference = 2BE69CBE2C8FED9B004996C7 /* ContentView.swift.app */;
			productType = "com.apple.product-type.application";
		};
		2BE69CCE2C8FED9C004996C7 /* ContentView.swiftTests */ = {
			isa = PBXNativeTarget;
			buildConfigurationList = 2BE69CE62C8FED9C004996C7 /* Build configuration list for PBXNativeTarget "ContentView.swiftTests" */;
			buildPhases = (
				2BE69CCB2C8FED9C004996C7 /* Sources */,
				2BE69CCC2C8FED9C004996C7 /* Frameworks */,
				2BE69CCD2C8FED9C004996C7 /* Resources */,
			);
			buildRules = (
			);
			dependencies = (
				2BE69CD12C8FED9C004996C7 /* PBXTargetDependency */,
			);
			name = ContentView.swiftTests;
			productName = ContentView.swiftTests;
			productReference = 2BE69CCF2C8FED9C004996C7 /* ContentView.swiftTests.xctest */;
			productType = "com.apple.product-type.bundle.unit-test";
		};
		2BE69CD82C8FED9C004996C7 /* ContentView.swiftUITests */ = {
			isa = PBXNativeTarget;
			buildConfigurationList = 2BE69CE92C8FED9C004996C7 /* Build configuration list for PBXNativeTarget "ContentView.swiftUITests" */;
			buildPhases = (
				2BE69CD52C8FED9C004996C7 /* Sources */,
				2BE69CD62C8FED9C004996C7 /* Frameworks */,
				2BE69CD72C8FED9C004996C7 /* Resources */,
			);
			buildRules = (
			);
			dependencies = (
				2BE69CDB2C8FED9C004996C7 /* PBXTargetDependency */,
			);
			name = ContentView.swiftUITests;
			productName = ContentView.swiftUITests;
			productReference = 2BE69CD92C8FED9C004996C7 /* ContentView.swiftUITests.xctest */;
			productType = "com.apple.product-type.bundle.ui-testing";
		};
/* End PBXNativeTarget section */

/* Begin PBXProject section */
		2BE69CB62C8FED9B004996C7 /* Project object */ = {
			isa = PBXProject;
			attributes = {
				BuildIndependentTargetsInParallel = 1;
				LastSwiftUpdateCheck = 1500;
				LastUpgradeCheck = 1500;
				TargetAttributes = {
					2BE69CBD2C8FED9B004996C7 = {
						CreatedOnToolsVersion = 15.0.1;
					};
					2BE69CCE2C8FED9C004996C7 = {
						CreatedOnToolsVersion = 15.0.1;
						TestTargetID = 2BE69CBD2C8FED9B004996C7;
					};
					2BE69CD82C8FED9C004996C7 = {
						CreatedOnToolsVersion = 15.0.1;
						TestTargetID = 2BE69CBD2C8FED9B004996C7;
					};
				};
			};
			buildConfigurationList = 2BE69CB92C8FED9B004996C7 /* Build configuration list for PBXProject "ContentView.swift" */;
			compatibilityVersion = "Xcode 14.0";
			developmentRegion = en;
			hasScannedForEncodings = 0;
			knownRegions = (
				en,
				Base,
			);
			mainGroup = 2BE69CB52C8FED9B004996C7;
			productRefGroup = 2BE69CBF2C8FED9B004996C7 /* Products */;
			projectDirPath = "";
			projectRoot = "";
			targets = (
				2BE69CBD2C8FED9B004996C7 /* ContentView.swift */,
				2BE69CCE2C8FED9C004996C7 /* ContentView.swiftTests */,
				2BE69CD82C8FED9C004996C7 /* ContentView.swiftUITests */,
			);
		};
/* End PBXProject section */

/* Begin PBXResourcesBuildPhase section */
		2BE69CBC2C8FED9B004996C7 /* Resources */ = {
			isa = PBXResourcesBuildPhase;
			buildActionMask = 2147483647;
			files = (
				2BE69CCA2C8FED9C004996C7 /* Preview Assets.xcassets in Resources */,
				2BE69CC62C8FED9C004996C7 /* Assets.xcassets in Resources */,
			);
			runOnlyForDeploymentPostprocessing = 0;
		};
		2BE69CCD2C8FED9C004996C7 /* Resources */ = {
			isa = PBXResourcesBuildPhase;
			buildActionMask = 2147483647;
			files = (
			);
			runOnlyForDeploymentPostprocessing = 0;
		};
		2BE69CD72C8FED9C004996C7 /* Resources */ = {
			isa = PBXResourcesBuildPhase;
			buildActionMask = 2147483647;
			files = (
			);
			runOnlyForDeploymentPostprocessing = 0;
		};
/* End PBXResourcesBuildPhase section */

/* Begin PBXSourcesBuildPhase section */
		2BE69CBA2C8FED9B004996C7 /* Sources */ = {
			isa = PBXSourcesBuildPhase;
			buildActionMask = 2147483647;
			files = (
				2BE69CED2C8FEE5F004996C7 /* MetalView.swift in Sources */,
				2BE69CC42C8FED9B004996C7 /* ContentView.swift in Sources */,
				2BE69CC22C8FED9B004996C7 /* ContentView_swiftApp.swift in Sources */,
			);
			runOnlyForDeploymentPostprocessing = 0;
		};
		2BE69CCB2C8FED9C004996C7 /* Sources */ = {
			isa = PBXSourcesBuildPhase;
			buildActionMask = 2147483647;
			files = (
				2BE69CD42C8FED9C004996C7 /* ContentView_swiftTests.swift in Sources */,
			);
			runOnlyForDeploymentPostprocessing = 0;
		};
		2BE69CD52C8FED9C004996C7 /* Sources */ = {
			isa = PBXSourcesBuildPhase;
			buildActionMask = 2147483647;
			files = (
				2BE69CDE2C8FED9C004996C7 /* ContentView_swiftUITests.swift in Sources */,
				2BE69CE02C8FED9C004996C7 /* ContentView_swiftUITestsLaunchTests.swift in Sources */,
			);
			runOnlyForDeploymentPostprocessing = 0;
		};
/* End PBXSourcesBuildPhase section */

/* Begin PBXTargetDependency section */
		2BE69CD12C8FED9C004996C7 /* PBXTargetDependency */ = {
			isa = PBXTargetDependency;
			target = 2BE69CBD2C8FED9B004996C7 /* ContentView.swift */;
			targetProxy = 2BE69CD02C8FED9C004996C7 /* PBXContainerItemProxy */;
		};
		2BE69CDB2C8FED9C004996C7 /* PBXTargetDependency */ = {
			isa = PBXTargetDependency;
			target = 2BE69CBD2C8FED9B004996C7 /* ContentView.swift */;
			targetProxy = 2BE69CDA2C8FED9C004996C7 /* PBXContainerItemProxy */;
		};
/* End PBXTargetDependency section */

/* Begin XCBuildConfiguration section */
		2BE69CE12C8FED9C004996C7 /* Debug */ = {
			isa = XCBuildConfiguration;
			buildSettings = {
				ALWAYS_SEARCH_USER_PATHS = NO;
				ASSETCATALOG_COMPILER_GENERATE_SWIFT_ASSET_SYMBOL_EXTENSIONS = YES;
				CLANG_ANALYZER_NONNULL = YES;
				CLANG_ANALYZER_NUMBER_OBJECT_CONVERSION = YES_AGGRESSIVE;
				CLANG_CXX_LANGUAGE_STANDARD = "gnu++20";
				CLANG_ENABLE_MODULES = YES;
				CLANG_ENABLE_OBJC_ARC = YES;
				CLANG_ENABLE_OBJC_WEAK = YES;
				CLANG_WARN_BLOCK_CAPTURE_AUTORELEASING = YES;
				CLANG_WARN_BOOL_CONVERSION = YES;
				CLANG_WARN_COMMA = YES;
				CLANG_WARN_CONSTANT_CONVERSION = YES;
				CLANG_WARN_DEPRECATED_OBJC_IMPLEMENTATIONS = YES;
				CLANG_WARN_DIRECT_OBJC_ISA_USAGE = YES_ERROR;
				CLANG_WARN_DOCUMENTATION_COMMENTS = YES;
				CLANG_WARN_EMPTY_BODY = YES;
				CLANG_WARN_ENUM_CONVERSION = YES;
				CLANG_WARN_INFINITE_RECURSION = YES;
				CLANG_WARN_INT_CONVERSION = YES;
				CLANG_WARN_NON_LITERAL_NULL_CONVERSION = YES;
				CLANG_WARN_OBJC_IMPLICIT_RETAIN_SELF = YES;
				CLANG_WARN_OBJC_LITERAL_CONVERSION = YES;
				CLANG_WARN_OBJC_ROOT_CLASS = YES_ERROR;
				CLANG_WARN_QUOTED_INCLUDE_IN_FRAMEWORK_HEADER = YES;
				CLANG_WARN_RANGE_LOOP_ANALYSIS = YES;
				CLANG_WARN_STRICT_PROTOTYPES = YES;
				CLANG_WARN_SUSPICIOUS_MOVE = YES;
				CLANG_WARN_UNGUARDED_AVAILABILITY = YES_AGGRESSIVE;
				CLANG_WARN_UNREACHABLE_CODE = YES;
				CLANG_WARN__DUPLICATE_METHOD_MATCH = YES;
				COPY_PHASE_STRIP = NO;
				DEBUG_INFORMATION_FORMAT = dwarf;
				ENABLE_STRICT_OBJC_MSGSEND = YES;
				ENABLE_TESTABILITY = YES;
				ENABLE_USER_SCRIPT_SANDBOXING = YES;
				GCC_C_LANGUAGE_STANDARD = gnu17;
				GCC_DYNAMIC_NO_PIC = NO;
				GCC_NO_COMMON_BLOCKS = YES;
				GCC_OPTIMIZATION_LEVEL = 0;
				GCC_PREPROCESSOR_DEFINITIONS = (
					"DEBUG=1",
					"$(inherited)",
				);
				GCC_WARN_64_TO_32_BIT_CONVERSION = YES;
				GCC_WARN_ABOUT_RETURN_TYPE = YES_ERROR;
				GCC_WARN_UNDECLARED_SELECTOR = YES;
				GCC_WARN_UNINITIALIZED_AUTOS = YES_AGGRESSIVE;
				GCC_WARN_UNUSED_FUNCTION = YES;
				GCC_WARN_UNUSED_VARIABLE = YES;
				LOCALIZATION_PREFERS_STRING_CATALOGS = YES;
				MTL_ENABLE_DEBUG_INFO = INCLUDE_SOURCE;
				MTL_FAST_MATH = YES;
				ONLY_ACTIVE_ARCH = YES;
				SWIFT_ACTIVE_COMPILATION_CONDITIONS = "DEBUG $(inherited)";
				SWIFT_OPTIMIZATION_LEVEL = "-Onone";
			};
			name = Debug;
		};
		2BE69CE22C8FED9C004996C7 /* Release */ = {
			isa = XCBuildConfiguration;
			buildSettings = {
				ALWAYS_SEARCH_USER_PATHS = NO;
				ASSETCATALOG_COMPILER_GENERATE_SWIFT_ASSET_SYMBOL_EXTENSIONS = YES;
				CLANG_ANALYZER_NONNULL = YES;
				CLANG_ANALYZER_NUMBER_OBJECT_CONVERSION = YES_AGGRESSIVE;
				CLANG_CXX_LANGUAGE_STANDARD = "gnu++20";
				CLANG_ENABLE_MODULES = YES;
				CLANG_ENABLE_OBJC_ARC = YES;
				CLANG_ENABLE_OBJC_WEAK = YES;
				CLANG_WARN_BLOCK_CAPTURE_AUTORELEASING = YES;
				CLANG_WARN_BOOL_CONVERSION = YES;
				CLANG_WARN_COMMA = YES;
				CLANG_WARN_CONSTANT_CONVERSION = YES;
				CLANG_WARN_DEPRECATED_OBJC_IMPLEMENTATIONS = YES;
				CLANG_WARN_DIRECT_OBJC_ISA_USAGE = YES_ERROR;
				CLANG_WARN_DOCUMENTATION_COMMENTS = YES;
				CLANG_WARN_EMPTY_BODY = YES;
				CLANG_WARN_ENUM_CONVERSION = YES;
				CLANG_WARN_INFINITE_RECURSION = YES;
				CLANG_WARN_INT_CONVERSION = YES;
				CLANG_WARN_NON_LITERAL_NULL_CONVERSION = YES;
				CLANG_WARN_OBJC_IMPLICIT_RETAIN_SELF = YES;
				CLANG_WARN_OBJC_LITERAL_CONVERSION = YES;
				CLANG_WARN_OBJC_ROOT_CLASS = YES_ERROR;
				CLANG_WARN_QUOTED_INCLUDE_IN_FRAMEWORK_HEADER = YES;
				CLANG_WARN_RANGE_LOOP_ANALYSIS = YES;
				CLANG_WARN_STRICT_PROTOTYPES = YES;
				CLANG_WARN_SUSPICIOUS_MOVE = YES;
				CLANG_WARN_UNGUARDED_AVAILABILITY = YES_AGGRESSIVE;
				CLANG_WARN_UNREACHABLE_CODE = YES;
				CLANG_WARN__DUPLICATE_METHOD_MATCH = YES;
				COPY_PHASE_STRIP = NO;
				DEBUG_INFORMATION_FORMAT = "dwarf-with-dsym";
				ENABLE_NS_ASSERTIONS = NO;
				ENABLE_STRICT_OBJC_MSGSEND = YES;
				ENABLE_USER_SCRIPT_SANDBOXING = YES;
				GCC_C_LANGUAGE_STANDARD = gnu17;
				GCC_NO_COMMON_BLOCKS = YES;
				GCC_WARN_64_TO_32_BIT_CONVERSION = YES;
				GCC_WARN_ABOUT_RETURN_TYPE = YES_ERROR;
				GCC_WARN_UNDECLARED_SELECTOR = YES;
				GCC_WARN_UNINITIALIZED_AUTOS = YES_AGGRESSIVE;
				GCC_WARN_UNUSED_FUNCTION = YES;
				GCC_WARN_UNUSED_VARIABLE = YES;
				LOCALIZATION_PREFERS_STRING_CATALOGS = YES;
				MTL_ENABLE_DEBUG_INFO = NO;
				MTL_FAST_MATH = YES;
				SWIFT_COMPILATION_MODE = wholemodule;
			};
			name = Release;
		};
		2BE69CE42C8FED9C004996C7 /* Debug */ = {
			isa = XCBuildConfiguration;
			buildSettings = {
				ASSETCATALOG_COMPILER_APPICON_NAME = AppIcon;
				ASSETCATALOG_COMPILER_GLOBAL_ACCENT_COLOR_NAME = AccentColor;
				CODE_SIGN_ENTITLEMENTS = ContentView.swift/ContentView_swift.entitlements;
				CODE_SIGN_STYLE = Automatic;
				CURRENT_PROJECT_VERSION = 1;
				DEVELOPMENT_ASSET_PATHS = "\"ContentView.swift/Preview Content\"";
				ENABLE_PREVIEWS = YES;
				GENERATE_INFOPLIST_FILE = YES;
				"INFOPLIST_KEY_UIApplicationSceneManifest_Generation[sdk=iphoneos*]" = YES;
				"INFOPLIST_KEY_UIApplicationSceneManifest_Generation[sdk=iphonesimulator*]" = YES;
				"INFOPLIST_KEY_UIApplicationSupportsIndirectInputEvents[sdk=iphoneos*]" = YES;
				"INFOPLIST_KEY_UIApplicationSupportsIndirectInputEvents[sdk=iphonesimulator*]" = YES;
				"INFOPLIST_KEY_UILaunchScreen_Generation[sdk=iphoneos*]" = YES;
				"INFOPLIST_KEY_UILaunchScreen_Generation[sdk=iphonesimulator*]" = YES;
				"INFOPLIST_KEY_UIStatusBarStyle[sdk=iphoneos*]" = UIStatusBarStyleDefault;
				"INFOPLIST_KEY_UIStatusBarStyle[sdk=iphonesimulator*]" = UIStatusBarStyleDefault;
				INFOPLIST_KEY_UISupportedInterfaceOrientations_iPad = "UIInterfaceOrientationPortrait UIInterfaceOrientationPortraitUpsideDown UIInterfaceOrientationLandscapeLeft UIInterfaceOrientationLandscapeRight";
				INFOPLIST_KEY_UISupportedInterfaceOrientations_iPhone = "UIInterfaceOrientationPortrait UIInterfaceOrientationLandscapeLeft UIInterfaceOrientationLandscapeRight";
				IPHONEOS_DEPLOYMENT_TARGET = 17.0;
				LD_RUNPATH_SEARCH_PATHS = "@executable_path/Frameworks";
				"LD_RUNPATH_SEARCH_PATHS[sdk=macosx*]" = "@executable_path/../Frameworks";
				MACOSX_DEPLOYMENT_TARGET = 14.0;
				MARKETING_VERSION = 1.0;
				PRODUCT_BUNDLE_IDENTIFIER = "nyella.ContentView-swift";
				PRODUCT_NAME = "$(TARGET_NAME)";
				SDKROOT = auto;
				SUPPORTED_PLATFORMS = "iphoneos iphonesimulator macosx";
				SWIFT_EMIT_LOC_STRINGS = YES;
				SWIFT_VERSION = 5.0;
				TARGETED_DEVICE_FAMILY = "1,2";
			};
			name = Debug;
		};
		2BE69CE52C8FED9C004996C7 /* Release */ = {
			isa = XCBuildConfiguration;
			buildSettings = {
				ASSETCATALOG_COMPILER_APPICON_NAME = AppIcon;
				ASSETCATALOG_COMPILER_GLOBAL_ACCENT_COLOR_NAME = AccentColor;
				CODE_SIGN_ENTITLEMENTS = ContentView.swift/ContentView_swift.entitlements;
				CODE_SIGN_STYLE = Automatic;
				CURRENT_PROJECT_VERSION = 1;
				DEVELOPMENT_ASSET_PATHS = "\"ContentView.swift/Preview Content\"";
				ENABLE_PREVIEWS = YES;
				GENERATE_INFOPLIST_FILE = YES;
				"INFOPLIST_KEY_UIApplicationSceneManifest_Generation[sdk=iphoneos*]" = YES;
				"INFOPLIST_KEY_UIApplicationSceneManifest_Generation[sdk=iphonesimulator*]" = YES;
				"INFOPLIST_KEY_UIApplicationSupportsIndirectInputEvents[sdk=iphoneos*]" = YES;
				"INFOPLIST_KEY_UIApplicationSupportsIndirectInputEvents[sdk=iphonesimulator*]" = YES;
				"INFOPLIST_KEY_UILaunchScreen_Generation[sdk=iphoneos*]" = YES;
				"INFOPLIST_KEY_UILaunchScreen_Generation[sdk=iphonesimulator*]" = YES;
				"INFOPLIST_KEY_UIStatusBarStyle[sdk=iphoneos*]" = UIStatusBarStyleDefault;
				"INFOPLIST_KEY_UIStatusBarStyle[sdk=iphonesimulator*]" = UIStatusBarStyleDefault;
				INFOPLIST_KEY_UISupportedInterfaceOrientations_iPad = "UIInterfaceOrientationPortrait UIInterfaceOrientationPortraitUpsideDown UIInterfaceOrientationLandscapeLeft UIInterfaceOrientationLandscapeRight";
				INFOPLIST_KEY_UISupportedInterfaceOrientations_iPhone = "UIInterfaceOrientationPortrait UIInterfaceOrientationLandscapeLeft UIInterfaceOrientationLandscapeRight";
				IPHONEOS_DEPLOYMENT_TARGET = 17.0;
				LD_RUNPATH_SEARCH_PATHS = "@executable_path/Frameworks";
				"LD_RUNPATH_SEARCH_PATHS[sdk=macosx*]" = "@executable_path/../Frameworks";
				MACOSX_DEPLOYMENT_TARGET = 14.0;
				MARKETING_VERSION = 1.0;
				PRODUCT_BUNDLE_IDENTIFIER = "nyella.ContentView-swift";
				PRODUCT_NAME = "$(TARGET_NAME)";
				SDKROOT = auto;
				SUPPORTED_PLATFORMS = "iphoneos iphonesimulator macosx";
				SWIFT_EMIT_LOC_STRINGS = YES;
				SWIFT_VERSION = 5.0;
				TARGETED_DEVICE_FAMILY = "1,2";
			};
			name = Release;
		};
		2BE69CE72C8FED9C004996C7 /* Debug */ = {
			isa = XCBuildConfiguration;
			buildSettings = {
				ALWAYS_EMBED_SWIFT_STANDARD_LIBRARIES = YES;
				BUNDLE_LOADER = "$(TEST_HOST)";
				CODE_SIGN_STYLE = Automatic;
				CURRENT_PROJECT_VERSION = 1;
				GENERATE_INFOPLIST_FILE = YES;
				IPHONEOS_DEPLOYMENT_TARGET = 17.0;
				MACOSX_DEPLOYMENT_TARGET = 14.0;
				MARKETING_VERSION = 1.0;
				PRODUCT_BUNDLE_IDENTIFIER = "nyella.ContentView-swiftTests";
				PRODUCT_NAME = "$(TARGET_NAME)";
				SDKROOT = auto;
				SUPPORTED_PLATFORMS = "iphoneos iphonesimulator macosx";
				SWIFT_EMIT_LOC_STRINGS = NO;
				SWIFT_VERSION = 5.0;
				TARGETED_DEVICE_FAMILY = "1,2";
				TEST_HOST = "$(BUILT_PRODUCTS_DIR)/ContentView.swift.app/$(BUNDLE_EXECUTABLE_FOLDER_PATH)/ContentView.swift";
			};
			name = Debug;
		};
		2BE69CE82C8FED9C004996C7 /* Release */ = {
			isa = XCBuildConfiguration;
			buildSettings = {
				ALWAYS_EMBED_SWIFT_STANDARD_LIBRARIES = YES;
				BUNDLE_LOADER = "$(TEST_HOST)";
				CODE_SIGN_STYLE = Automatic;
				CURRENT_PROJECT_VERSION = 1;
				GENERATE_INFOPLIST_FILE = YES;
				IPHONEOS_DEPLOYMENT_TARGET = 17.0;
				MACOSX_DEPLOYMENT_TARGET = 14.0;
				MARKETING_VERSION = 1.0;
				PRODUCT_BUNDLE_IDENTIFIER = "nyella.ContentView-swiftTests";
				PRODUCT_NAME = "$(TARGET_NAME)";
				SDKROOT = auto;
				SUPPORTED_PLATFORMS = "iphoneos iphonesimulator macosx";
				SWIFT_EMIT_LOC_STRINGS = NO;
				SWIFT_VERSION = 5.0;
				TARGETED_DEVICE_FAMILY = "1,2";
				TEST_HOST = "$(BUILT_PRODUCTS_DIR)/ContentView.swift.app/$(BUNDLE_EXECUTABLE_FOLDER_PATH)/ContentView.swift";
			};
			name = Release;
		};
		2BE69CEA2C8FED9C004996C7 /* Debug */ = {
			isa = XCBuildConfiguration;
			buildSettings = {
				ALWAYS_EMBED_SWIFT_STANDARD_LIBRARIES = YES;
				CODE_SIGN_STYLE = Automatic;
				CURRENT_PROJECT_VERSION = 1;
				GENERATE_INFOPLIST_FILE = YES;
				IPHONEOS_DEPLOYMENT_TARGET = 17.0;
				MACOSX_DEPLOYMENT_TARGET = 14.0;
				MARKETING_VERSION = 1.0;
				PRODUCT_BUNDLE_IDENTIFIER = "nyella.ContentView-swiftUITests";
				PRODUCT_NAME = "$(TARGET_NAME)";
				SDKROOT = auto;
				SUPPORTED_PLATFORMS = "iphoneos iphonesimulator macosx";
				SWIFT_EMIT_LOC_STRINGS = NO;
				SWIFT_VERSION = 5.0;
				TARGETED_DEVICE_FAMILY = "1,2";
				TEST_TARGET_NAME = ContentView.swift;
			};
			name = Debug;
		};
		2BE69CEB2C8FED9C004996C7 /* Release */ = {
			isa = XCBuildConfiguration;
			buildSettings = {
				ALWAYS_EMBED_SWIFT_STANDARD_LIBRARIES = YES;
				CODE_SIGN_STYLE = Automatic;
				CURRENT_PROJECT_VERSION = 1;
				GENERATE_INFOPLIST_FILE = YES;
				IPHONEOS_DEPLOYMENT_TARGET = 17.0;
				MACOSX_DEPLOYMENT_TARGET = 14.0;
				MARKETING_VERSION = 1.0;
				PRODUCT_BUNDLE_IDENTIFIER = "nyella.ContentView-swiftUITests";
				PRODUCT_NAME = "$(TARGET_NAME)";
				SDKROOT = auto;
				SUPPORTED_PLATFORMS = "iphoneos iphonesimulator macosx";
				SWIFT_EMIT_LOC_STRINGS = NO;
				SWIFT_VERSION = 5.0;
				TARGETED_DEVICE_FAMILY = "1,2";
				TEST_TARGET_NAME = ContentView.swift;
			};
			name = Release;
		};
/* End XCBuildConfiguration section */

/* Begin XCConfigurationList section */
		2BE69CB92C8FED9B004996C7 /* Build configuration list for PBXProject "ContentView.swift" */ = {
			isa = XCConfigurationList;
			buildConfigurations = (
				2BE69CE12C8FED9C004996C7 /* Debug */,
				2BE69CE22C8FED9C004996C7 /* Release */,
			);
			defaultConfigurationIsVisible = 0;
			defaultConfigurationName = Release;
		};
		2BE69CE32C8FED9C004996C7 /* Build configuration list for PBXNativeTarget "ContentView.swift" */ = {
			isa = XCConfigurationList;
			buildConfigurations = (
				2BE69CE42C8FED9C004996C7 /* Debug */,
				2BE69CE52C8FED9C004996C7 /* Release */,
			);
			defaultConfigurationIsVisible = 0;
			defaultConfigurationName = Release;
		};
		2BE69CE62C8FED9C004996C7 /* Build configuration list for PBXNativeTarget "ContentView.swiftTests" */ = {
			isa = XCConfigurationList;
			buildConfigurations = (
				2BE69CE72C8FED9C004996C7 /* Debug */,
				2BE69CE82C8FED9C004996C7 /* Release */,
			);
			defaultConfigurationIsVisible = 0;
			defaultConfigurationName = Release;
		};
		2BE69CE92C8FED9C004996C7 /* Build configuration list for PBXNativeTarget "ContentView.swiftUITests" */ = {
			isa = XCConfigurationList;
			buildConfigurations = (
				2BE69CEA2C8FED9C004996C7 /* Debug */,
				2BE69CEB2C8FED9C004996C7 /* Release */,
			);
			defaultConfigurationIsVisible = 0;
			defaultConfigurationName = Release;
		};
/* End XCConfigurationList section */
	};
	rootObject = 2BE69CB62C8FED9B004996C7 /* Project object */;
}
